
Microsoft Visual Studio Solution File, Format Version 11.00
# Visual Studio 2010
Project("{FAE04EC0-301F-11D3-BF4B-00C04F79EFBC}") = "COMP395 - Solar System (Selina's Version)", "Assembly-CSharp.csproj", "{B0F3EBB8-0D69-FED4-7BCD-DC5174A6D0EC}"
EndProject
Global
	GlobalSection(SolutionConfigurationPlatforms) = preSolution
		Debug|Any CPU = Debug|Any CPU
		Release|Any CPU = Release|Any CPU
	EndGlobalSection
	GlobalSection(ProjectConfigurationPlatforms) = postSolution
		{B0F3EBB8-0D69-FED4-7BCD-DC5174A6D0EC}.Debug|Any CPU.ActiveCfg = Debug|Any CPU
		{B0F3EBB8-0D69-FED4-7BCD-DC5174A6D0EC}.Debug|Any CPU.Build.0 = Debug|Any CPU
		{B0F3EBB8-0D69-FED4-7BCD-DC5174A6D0EC}.Release|Any CPU.ActiveCfg = Release|Any CPU
		{B0F3EBB8-0D69-FED4-7BCD-DC5174A6D0EC}.Release|Any CPU.Build.0 = Release|Any CPU
	EndGlobalSection
	GlobalSection(SolutionProperties) = preSolution
		HideSolutionNode = FALSE
	EndGlobalSection
	GlobalSection(MonoDevelopProperties) = preSolution
		StartupItem = Assembly-CSharp.csproj
	EndGlobalSection
EndGlobal
