
Microsoft Visual Studio Solution File, Format Version 11.00
# Visual Studio 2010
Project("{FAE04EC0-301F-11D3-BF4B-00C04F79EFBC}") = "COMP395 - Solar System (Combined Version)", "Assembly-CSharp.csproj", "{57EBA1F3-9D2B-22AE-319B-EC228C4BB32D}"
EndProject
Global
	GlobalSection(SolutionConfigurationPlatforms) = preSolution
		Debug|Any CPU = Debug|Any CPU
		Release|Any CPU = Release|Any CPU
	EndGlobalSection
	GlobalSection(ProjectConfigurationPlatforms) = postSolution
		{57EBA1F3-9D2B-22AE-319B-EC228C4BB32D}.Debug|Any CPU.ActiveCfg = Debug|Any CPU
		{57EBA1F3-9D2B-22AE-319B-EC228C4BB32D}.Debug|Any CPU.Build.0 = Debug|Any CPU
		{57EBA1F3-9D2B-22AE-319B-EC228C4BB32D}.Release|Any CPU.ActiveCfg = Release|Any CPU
		{57EBA1F3-9D2B-22AE-319B-EC228C4BB32D}.Release|Any CPU.Build.0 = Release|Any CPU
	EndGlobalSection
	GlobalSection(SolutionProperties) = preSolution
		HideSolutionNode = FALSE
	EndGlobalSection
	GlobalSection(MonoDevelopProperties) = preSolution
		StartupItem = Assembly-CSharp.csproj
	EndGlobalSection
EndGlobal
