
Microsoft Visual Studio Solution File, Format Version 12.00
# Visual Studio 2015
Project("{FAE04EC0-301F-11D3-BF4B-00C04F79EFBC}") = "COMP395 - Solar System (Seths Mod 2)", "COMP395 - Solar System (Seths Mod 2).csproj", "{664F6A82-544C-4058-8231-33DEAF4388FB}"
EndProject
Global
	GlobalSection(SolutionConfigurationPlatforms) = preSolution
		Debug|Any CPU = Debug|Any CPU
		Release|Any CPU = Release|Any CPU
	EndGlobalSection
	GlobalSection(ProjectConfigurationPlatforms) = postSolution
		{664F6A82-544C-4058-8231-33DEAF4388FB}.Debug|Any CPU.ActiveCfg = Debug|Any CPU
		{664F6A82-544C-4058-8231-33DEAF4388FB}.Debug|Any CPU.Build.0 = Debug|Any CPU
		{664F6A82-544C-4058-8231-33DEAF4388FB}.Release|Any CPU.ActiveCfg = Release|Any CPU
		{664F6A82-544C-4058-8231-33DEAF4388FB}.Release|Any CPU.Build.0 = Release|Any CPU
	EndGlobalSection
	GlobalSection(SolutionProperties) = preSolution
		HideSolutionNode = FALSE
	EndGlobalSection
EndGlobal
